
Microsoft Visual Studio Solution File, Format Version 12.00
# Visual Studio Version 17
VisualStudioVersion = 17.9.34714.143
MinimumVisualStudioVersion = 10.0.40219.1
Project("{FAE04EC0-301F-11D3-BF4B-00C04F79EFBC}") = "WindowsFormsApp1", "WindowsFormsApp1\WindowsFormsApp1.csproj", "{0BBEC1AC-BF36-4512-8501-557D5B01702C}"
EndProject
Global
	GlobalSection(SolutionConfigurationPlatforms) = preSolution
		Debug|Any CPU = Debug|Any CPU
		Release|Any CPU = Release|Any CPU
	EndGlobalSection
	GlobalSection(ProjectConfigurationPlatforms) = postSolution
		{0BBEC1AC-BF36-4512-8501-557D5B01702C}.Debug|Any CPU.ActiveCfg = Debug|Any CPU
		{0BBEC1AC-BF36-4512-8501-557D5B01702C}.Debug|Any CPU.Build.0 = Debug|Any CPU
		{0BBEC1AC-BF36-4512-8501-557D5B01702C}.Release|Any CPU.ActiveCfg = Release|Any CPU
		{0BBEC1AC-BF36-4512-8501-557D5B01702C}.Release|Any CPU.Build.0 = Release|Any CPU
	EndGlobalSection
	GlobalSection(SolutionProperties) = preSolution
		HideSolutionNode = FALSE
	EndGlobalSection
	GlobalSection(ExtensibilityGlobals) = postSolution
		SolutionGuid = {F449F08E-577D-44A5-BF80-CD7A17555259}
	EndGlobalSection
EndGlobal
